
Microsoft Visual Studio Solution File, Format Version 11.00
# Visual Studio 2010
Project("{FAE04EC0-301F-11D3-BF4B-00C04F79EFBC}") = "Assembly-CSharp", "Assembly-CSharp.csproj", "{D31D4B3D-1111-ECBB-D8FC-2D609008EECC}"
EndProject
Project("{FAE04EC0-301F-11D3-BF4B-00C04F79EFBC}") = "Assembly-CSharp-Editor", "Assembly-CSharp-Editor.csproj", "{57DDECF9-CA5E-A0D0-37B7-68FD1A7C6E92}"
EndProject
Global
	GlobalSection(SolutionConfigurationPlatforms) = preSolution
		Debug|Any CPU = Debug|Any CPU
		Release|Any CPU = Release|Any CPU
	EndGlobalSection
	GlobalSection(ProjectConfigurationPlatforms) = postSolution
		{D31D4B3D-1111-ECBB-D8FC-2D609008EECC}.Debug|Any CPU.ActiveCfg = Debug|Any CPU
		{D31D4B3D-1111-ECBB-D8FC-2D609008EECC}.Debug|Any CPU.Build.0 = Debug|Any CPU
		{D31D4B3D-1111-ECBB-D8FC-2D609008EECC}.Release|Any CPU.ActiveCfg = Release|Any CPU
		{D31D4B3D-1111-ECBB-D8FC-2D609008EECC}.Release|Any CPU.Build.0 = Release|Any CPU
		{57DDECF9-CA5E-A0D0-37B7-68FD1A7C6E92}.Debug|Any CPU.ActiveCfg = Debug|Any CPU
		{57DDECF9-CA5E-A0D0-37B7-68FD1A7C6E92}.Debug|Any CPU.Build.0 = Debug|Any CPU
		{57DDECF9-CA5E-A0D0-37B7-68FD1A7C6E92}.Release|Any CPU.ActiveCfg = Release|Any CPU
		{57DDECF9-CA5E-A0D0-37B7-68FD1A7C6E92}.Release|Any CPU.Build.0 = Release|Any CPU
	EndGlobalSection
	GlobalSection(SolutionProperties) = preSolution
		HideSolutionNode = FALSE
	EndGlobalSection
EndGlobal
